
Microsoft Visual Studio Solution File, Format Version 12.00
# Visual Studio Version 16
VisualStudioVersion = 16.0.29318.209
MinimumVisualStudioVersion = 10.0.40219.1
Project("{FAE04EC0-301F-11D3-BF4B-00C04F79EFBC}") = "SintaxisBasica", "SintaxisBasica\SintaxisBasica.csproj", "{91A08F0D-9875-4825-8FF6-1099047D721F}"
EndProject
Project("{FAE04EC0-301F-11D3-BF4B-00C04F79EFBC}") = "Ejercicio2", "Ejercicio2\Ejercicio2.csproj", "{A397522D-0AC4-4AE0-94CB-2B8834AE25F0}"
EndProject
Project("{FAE04EC0-301F-11D3-BF4B-00C04F79EFBC}") = "Ejercicio3", "Ejercicio3\Ejercicio3.csproj", "{21CA09C3-0B37-4111-944F-BD16155633D1}"
EndProject
Project("{FAE04EC0-301F-11D3-BF4B-00C04F79EFBC}") = "Ejercicio4", "Ejercicio4\Ejercicio4.csproj", "{8E10F6FC-2B0A-4358-B26C-79C6722B25B3}"
EndProject
Project("{FAE04EC0-301F-11D3-BF4B-00C04F79EFBC}") = "Ejercicio5", "Ejercicio5\Ejercicio5.csproj", "{9EAF767C-1E7A-4CDB-8AED-5E65ADDC239D}"
EndProject
Project("{FAE04EC0-301F-11D3-BF4B-00C04F79EFBC}") = "Ejercicio6", "Ejercicio6\Ejercicio6.csproj", "{08808E10-3A0C-4679-91F8-C5364FB26A8D}"
EndProject
Project("{FAE04EC0-301F-11D3-BF4B-00C04F79EFBC}") = "Ejercicio7", "Ejercicio7\Ejercicio7.csproj", "{3B72C759-B89E-46ED-A6B2-D8D0E5F4C24C}"
EndProject
Project("{FAE04EC0-301F-11D3-BF4B-00C04F79EFBC}") = "Ejercicio8", "Ejercicio8\Ejercicio8.csproj", "{5E1C592F-BF84-4ADC-B862-47C2AC2AA5CD}"
EndProject
Project("{FAE04EC0-301F-11D3-BF4B-00C04F79EFBC}") = "Ejercicio9", "Ejercicio9\Ejercicio9.csproj", "{ED907F88-A379-4F02-8B85-D487B5B8D252}"
EndProject
Project("{FAE04EC0-301F-11D3-BF4B-00C04F79EFBC}") = "Ejercicio10", "Ejercicio10\Ejercicio10.csproj", "{FA9AFBE5-2DA8-4D84-8B7E-1A850CB57D59}"
EndProject
Project("{FAE04EC0-301F-11D3-BF4B-00C04F79EFBC}") = "Ejercicio11", "Ejercicio11\Ejercicio11.csproj", "{780B2F82-A07A-49C7-B16D-00192168A1D1}"
EndProject
Project("{FAE04EC0-301F-11D3-BF4B-00C04F79EFBC}") = "Ejercicio12", "Ejercicio12\Ejercicio12.csproj", "{0AF1D17D-8A4A-4112-B556-45F5BABC72B7}"
EndProject
Project("{FAE04EC0-301F-11D3-BF4B-00C04F79EFBC}") = "Ejercicio13", "Ejercicio13\Ejercicio13.csproj", "{1A96CC16-432D-4C60-A003-D4C9388FBABA}"
EndProject
Project("{FAE04EC0-301F-11D3-BF4B-00C04F79EFBC}") = "Ejercicio14", "Ejercicio14\Ejercicio14.csproj", "{9E21C2EA-A978-475C-84F2-42F2B68AB7FB}"
EndProject
Project("{FAE04EC0-301F-11D3-BF4B-00C04F79EFBC}") = "Ejercicio15", "Ejercicio15\Ejercicio15.csproj", "{0AE7763B-6985-4235-A23E-A52757E6511E}"
EndProject
Project("{FAE04EC0-301F-11D3-BF4B-00C04F79EFBC}") = "Ejercicio16", "Ejercicio16\Ejercicio16.csproj", "{A200E412-11B9-49BB-AB81-0B56FA03D9EA}"
EndProject
Project("{FAE04EC0-301F-11D3-BF4B-00C04F79EFBC}") = "Ejercicio17", "Ejercicio17\Ejercicio17.csproj", "{A8A8C28A-6AAA-41C3-9658-13572A9249F8}"
EndProject
Project("{FAE04EC0-301F-11D3-BF4B-00C04F79EFBC}") = "Ejercicio18", "Ejercicio18\Ejercicio18.csproj", "{1E9B740E-4803-4B06-8619-6D48A600D19D}"
EndProject
Project("{FAE04EC0-301F-11D3-BF4B-00C04F79EFBC}") = "Ejercicio19", "Ejercicio19\Ejercicio19.csproj", "{47071980-2FE5-4E73-AD34-FEFAA83FB7E1}"
EndProject
Project("{FAE04EC0-301F-11D3-BF4B-00C04F79EFBC}") = "Ejercicio20", "Ejercicio20\Ejercicio20.csproj", "{BA62288F-D1C2-4CAB-8506-1DC07D8F0734}"
EndProject
Project("{FAE04EC0-301F-11D3-BF4B-00C04F79EFBC}") = "Ejercicio21", "Ejercicio21\Ejercicio21.csproj", "{2AEFCD5C-B11A-4D41-AD79-053800A4F219}"
EndProject
Project("{FAE04EC0-301F-11D3-BF4B-00C04F79EFBC}") = "Ejercicio22", "Ejercicio22\Ejercicio22.csproj", "{E426D670-69B4-445E-8343-7A953629F4D5}"
EndProject
Project("{FAE04EC0-301F-11D3-BF4B-00C04F79EFBC}") = "Ejercicio23", "Ejercicio23\Ejercicio23.csproj", "{EBF905EB-4FA9-4D11-BDD4-D0D4303EA1DE}"
EndProject
Project("{FAE04EC0-301F-11D3-BF4B-00C04F79EFBC}") = "Ejercicio24", "Ejercicio24\Ejercicio24.csproj", "{48599810-7F23-453A-A27B-C5764584BF1E}"
EndProject
Project("{FAE04EC0-301F-11D3-BF4B-00C04F79EFBC}") = "StringEjercicio1", "StringEjercicio1\StringEjercicio1.csproj", "{ABA33C94-CB59-4711-8361-5559C3CC2412}"
EndProject
Project("{FAE04EC0-301F-11D3-BF4B-00C04F79EFBC}") = "StringEjercicio2", "StringEjercicio2\StringEjercicio2.csproj", "{F85603C1-1C4D-4239-B00C-B9EB733FFDAB}"
EndProject
Project("{FAE04EC0-301F-11D3-BF4B-00C04F79EFBC}") = "StringEjercicio3", "StringEjercicio3\StringEjercicio3.csproj", "{0426B7FE-FA44-44E2-B684-5D1E4DC89DB1}"
EndProject
Project("{FAE04EC0-301F-11D3-BF4B-00C04F79EFBC}") = "StringEjercicio4", "StringEjercicio4\StringEjercicio4.csproj", "{238920BC-B787-47E9-A90A-931B4A80019B}"
EndProject
Project("{FAE04EC0-301F-11D3-BF4B-00C04F79EFBC}") = "StringEjercicio5", "StringEjercicio5\StringEjercicio5.csproj", "{710B19A8-9036-4735-91DD-3B2274BAF45A}"
EndProject
Global
	GlobalSection(SolutionConfigurationPlatforms) = preSolution
		Debug|Any CPU = Debug|Any CPU
		Release|Any CPU = Release|Any CPU
	EndGlobalSection
	GlobalSection(ProjectConfigurationPlatforms) = postSolution
		{91A08F0D-9875-4825-8FF6-1099047D721F}.Debug|Any CPU.ActiveCfg = Debug|Any CPU
		{91A08F0D-9875-4825-8FF6-1099047D721F}.Debug|Any CPU.Build.0 = Debug|Any CPU
		{91A08F0D-9875-4825-8FF6-1099047D721F}.Release|Any CPU.ActiveCfg = Release|Any CPU
		{91A08F0D-9875-4825-8FF6-1099047D721F}.Release|Any CPU.Build.0 = Release|Any CPU
		{A397522D-0AC4-4AE0-94CB-2B8834AE25F0}.Debug|Any CPU.ActiveCfg = Debug|Any CPU
		{A397522D-0AC4-4AE0-94CB-2B8834AE25F0}.Debug|Any CPU.Build.0 = Debug|Any CPU
		{A397522D-0AC4-4AE0-94CB-2B8834AE25F0}.Release|Any CPU.ActiveCfg = Release|Any CPU
		{A397522D-0AC4-4AE0-94CB-2B8834AE25F0}.Release|Any CPU.Build.0 = Release|Any CPU
		{21CA09C3-0B37-4111-944F-BD16155633D1}.Debug|Any CPU.ActiveCfg = Debug|Any CPU
		{21CA09C3-0B37-4111-944F-BD16155633D1}.Debug|Any CPU.Build.0 = Debug|Any CPU
		{21CA09C3-0B37-4111-944F-BD16155633D1}.Release|Any CPU.ActiveCfg = Release|Any CPU
		{21CA09C3-0B37-4111-944F-BD16155633D1}.Release|Any CPU.Build.0 = Release|Any CPU
		{8E10F6FC-2B0A-4358-B26C-79C6722B25B3}.Debug|Any CPU.ActiveCfg = Debug|Any CPU
		{8E10F6FC-2B0A-4358-B26C-79C6722B25B3}.Debug|Any CPU.Build.0 = Debug|Any CPU
		{8E10F6FC-2B0A-4358-B26C-79C6722B25B3}.Release|Any CPU.ActiveCfg = Release|Any CPU
		{8E10F6FC-2B0A-4358-B26C-79C6722B25B3}.Release|Any CPU.Build.0 = Release|Any CPU
		{9EAF767C-1E7A-4CDB-8AED-5E65ADDC239D}.Debug|Any CPU.ActiveCfg = Debug|Any CPU
		{9EAF767C-1E7A-4CDB-8AED-5E65ADDC239D}.Debug|Any CPU.Build.0 = Debug|Any CPU
		{9EAF767C-1E7A-4CDB-8AED-5E65ADDC239D}.Release|Any CPU.ActiveCfg = Release|Any CPU
		{9EAF767C-1E7A-4CDB-8AED-5E65ADDC239D}.Release|Any CPU.Build.0 = Release|Any CPU
		{08808E10-3A0C-4679-91F8-C5364FB26A8D}.Debug|Any CPU.ActiveCfg = Debug|Any CPU
		{08808E10-3A0C-4679-91F8-C5364FB26A8D}.Debug|Any CPU.Build.0 = Debug|Any CPU
		{08808E10-3A0C-4679-91F8-C5364FB26A8D}.Release|Any CPU.ActiveCfg = Release|Any CPU
		{08808E10-3A0C-4679-91F8-C5364FB26A8D}.Release|Any CPU.Build.0 = Release|Any CPU
		{3B72C759-B89E-46ED-A6B2-D8D0E5F4C24C}.Debug|Any CPU.ActiveCfg = Debug|Any CPU
		{3B72C759-B89E-46ED-A6B2-D8D0E5F4C24C}.Debug|Any CPU.Build.0 = Debug|Any CPU
		{3B72C759-B89E-46ED-A6B2-D8D0E5F4C24C}.Release|Any CPU.ActiveCfg = Release|Any CPU
		{3B72C759-B89E-46ED-A6B2-D8D0E5F4C24C}.Release|Any CPU.Build.0 = Release|Any CPU
		{5E1C592F-BF84-4ADC-B862-47C2AC2AA5CD}.Debug|Any CPU.ActiveCfg = Debug|Any CPU
		{5E1C592F-BF84-4ADC-B862-47C2AC2AA5CD}.Debug|Any CPU.Build.0 = Debug|Any CPU
		{5E1C592F-BF84-4ADC-B862-47C2AC2AA5CD}.Release|Any CPU.ActiveCfg = Release|Any CPU
		{5E1C592F-BF84-4ADC-B862-47C2AC2AA5CD}.Release|Any CPU.Build.0 = Release|Any CPU
		{ED907F88-A379-4F02-8B85-D487B5B8D252}.Debug|Any CPU.ActiveCfg = Debug|Any CPU
		{ED907F88-A379-4F02-8B85-D487B5B8D252}.Debug|Any CPU.Build.0 = Debug|Any CPU
		{ED907F88-A379-4F02-8B85-D487B5B8D252}.Release|Any CPU.ActiveCfg = Release|Any CPU
		{ED907F88-A379-4F02-8B85-D487B5B8D252}.Release|Any CPU.Build.0 = Release|Any CPU
		{FA9AFBE5-2DA8-4D84-8B7E-1A850CB57D59}.Debug|Any CPU.ActiveCfg = Debug|Any CPU
		{FA9AFBE5-2DA8-4D84-8B7E-1A850CB57D59}.Debug|Any CPU.Build.0 = Debug|Any CPU
		{FA9AFBE5-2DA8-4D84-8B7E-1A850CB57D59}.Release|Any CPU.ActiveCfg = Release|Any CPU
		{FA9AFBE5-2DA8-4D84-8B7E-1A850CB57D59}.Release|Any CPU.Build.0 = Release|Any CPU
		{780B2F82-A07A-49C7-B16D-00192168A1D1}.Debug|Any CPU.ActiveCfg = Debug|Any CPU
		{780B2F82-A07A-49C7-B16D-00192168A1D1}.Debug|Any CPU.Build.0 = Debug|Any CPU
		{780B2F82-A07A-49C7-B16D-00192168A1D1}.Release|Any CPU.ActiveCfg = Release|Any CPU
		{780B2F82-A07A-49C7-B16D-00192168A1D1}.Release|Any CPU.Build.0 = Release|Any CPU
		{0AF1D17D-8A4A-4112-B556-45F5BABC72B7}.Debug|Any CPU.ActiveCfg = Debug|Any CPU
		{0AF1D17D-8A4A-4112-B556-45F5BABC72B7}.Debug|Any CPU.Build.0 = Debug|Any CPU
		{0AF1D17D-8A4A-4112-B556-45F5BABC72B7}.Release|Any CPU.ActiveCfg = Release|Any CPU
		{0AF1D17D-8A4A-4112-B556-45F5BABC72B7}.Release|Any CPU.Build.0 = Release|Any CPU
		{1A96CC16-432D-4C60-A003-D4C9388FBABA}.Debug|Any CPU.ActiveCfg = Debug|Any CPU
		{1A96CC16-432D-4C60-A003-D4C9388FBABA}.Debug|Any CPU.Build.0 = Debug|Any CPU
		{1A96CC16-432D-4C60-A003-D4C9388FBABA}.Release|Any CPU.ActiveCfg = Release|Any CPU
		{1A96CC16-432D-4C60-A003-D4C9388FBABA}.Release|Any CPU.Build.0 = Release|Any CPU
		{9E21C2EA-A978-475C-84F2-42F2B68AB7FB}.Debug|Any CPU.ActiveCfg = Debug|Any CPU
		{9E21C2EA-A978-475C-84F2-42F2B68AB7FB}.Debug|Any CPU.Build.0 = Debug|Any CPU
		{9E21C2EA-A978-475C-84F2-42F2B68AB7FB}.Release|Any CPU.ActiveCfg = Release|Any CPU
		{9E21C2EA-A978-475C-84F2-42F2B68AB7FB}.Release|Any CPU.Build.0 = Release|Any CPU
		{0AE7763B-6985-4235-A23E-A52757E6511E}.Debug|Any CPU.ActiveCfg = Debug|Any CPU
		{0AE7763B-6985-4235-A23E-A52757E6511E}.Debug|Any CPU.Build.0 = Debug|Any CPU
		{0AE7763B-6985-4235-A23E-A52757E6511E}.Release|Any CPU.ActiveCfg = Release|Any CPU
		{0AE7763B-6985-4235-A23E-A52757E6511E}.Release|Any CPU.Build.0 = Release|Any CPU
		{A200E412-11B9-49BB-AB81-0B56FA03D9EA}.Debug|Any CPU.ActiveCfg = Debug|Any CPU
		{A200E412-11B9-49BB-AB81-0B56FA03D9EA}.Debug|Any CPU.Build.0 = Debug|Any CPU
		{A200E412-11B9-49BB-AB81-0B56FA03D9EA}.Release|Any CPU.ActiveCfg = Release|Any CPU
		{A200E412-11B9-49BB-AB81-0B56FA03D9EA}.Release|Any CPU.Build.0 = Release|Any CPU
		{A8A8C28A-6AAA-41C3-9658-13572A9249F8}.Debug|Any CPU.ActiveCfg = Debug|Any CPU
		{A8A8C28A-6AAA-41C3-9658-13572A9249F8}.Debug|Any CPU.Build.0 = Debug|Any CPU
		{A8A8C28A-6AAA-41C3-9658-13572A9249F8}.Release|Any CPU.ActiveCfg = Release|Any CPU
		{A8A8C28A-6AAA-41C3-9658-13572A9249F8}.Release|Any CPU.Build.0 = Release|Any CPU
		{1E9B740E-4803-4B06-8619-6D48A600D19D}.Debug|Any CPU.ActiveCfg = Debug|Any CPU
		{1E9B740E-4803-4B06-8619-6D48A600D19D}.Debug|Any CPU.Build.0 = Debug|Any CPU
		{1E9B740E-4803-4B06-8619-6D48A600D19D}.Release|Any CPU.ActiveCfg = Release|Any CPU
		{1E9B740E-4803-4B06-8619-6D48A600D19D}.Release|Any CPU.Build.0 = Release|Any CPU
		{47071980-2FE5-4E73-AD34-FEFAA83FB7E1}.Debug|Any CPU.ActiveCfg = Debug|Any CPU
		{47071980-2FE5-4E73-AD34-FEFAA83FB7E1}.Debug|Any CPU.Build.0 = Debug|Any CPU
		{47071980-2FE5-4E73-AD34-FEFAA83FB7E1}.Release|Any CPU.ActiveCfg = Release|Any CPU
		{47071980-2FE5-4E73-AD34-FEFAA83FB7E1}.Release|Any CPU.Build.0 = Release|Any CPU
		{BA62288F-D1C2-4CAB-8506-1DC07D8F0734}.Debug|Any CPU.ActiveCfg = Debug|Any CPU
		{BA62288F-D1C2-4CAB-8506-1DC07D8F0734}.Debug|Any CPU.Build.0 = Debug|Any CPU
		{BA62288F-D1C2-4CAB-8506-1DC07D8F0734}.Release|Any CPU.ActiveCfg = Release|Any CPU
		{BA62288F-D1C2-4CAB-8506-1DC07D8F0734}.Release|Any CPU.Build.0 = Release|Any CPU
		{2AEFCD5C-B11A-4D41-AD79-053800A4F219}.Debug|Any CPU.ActiveCfg = Debug|Any CPU
		{2AEFCD5C-B11A-4D41-AD79-053800A4F219}.Debug|Any CPU.Build.0 = Debug|Any CPU
		{2AEFCD5C-B11A-4D41-AD79-053800A4F219}.Release|Any CPU.ActiveCfg = Release|Any CPU
		{2AEFCD5C-B11A-4D41-AD79-053800A4F219}.Release|Any CPU.Build.0 = Release|Any CPU
		{E426D670-69B4-445E-8343-7A953629F4D5}.Debug|Any CPU.ActiveCfg = Debug|Any CPU
		{E426D670-69B4-445E-8343-7A953629F4D5}.Debug|Any CPU.Build.0 = Debug|Any CPU
		{E426D670-69B4-445E-8343-7A953629F4D5}.Release|Any CPU.ActiveCfg = Release|Any CPU
		{E426D670-69B4-445E-8343-7A953629F4D5}.Release|Any CPU.Build.0 = Release|Any CPU
		{EBF905EB-4FA9-4D11-BDD4-D0D4303EA1DE}.Debug|Any CPU.ActiveCfg = Debug|Any CPU
		{EBF905EB-4FA9-4D11-BDD4-D0D4303EA1DE}.Debug|Any CPU.Build.0 = Debug|Any CPU
		{EBF905EB-4FA9-4D11-BDD4-D0D4303EA1DE}.Release|Any CPU.ActiveCfg = Release|Any CPU
		{EBF905EB-4FA9-4D11-BDD4-D0D4303EA1DE}.Release|Any CPU.Build.0 = Release|Any CPU
		{48599810-7F23-453A-A27B-C5764584BF1E}.Debug|Any CPU.ActiveCfg = Debug|Any CPU
		{48599810-7F23-453A-A27B-C5764584BF1E}.Debug|Any CPU.Build.0 = Debug|Any CPU
		{48599810-7F23-453A-A27B-C5764584BF1E}.Release|Any CPU.ActiveCfg = Release|Any CPU
		{48599810-7F23-453A-A27B-C5764584BF1E}.Release|Any CPU.Build.0 = Release|Any CPU
		{ABA33C94-CB59-4711-8361-5559C3CC2412}.Debug|Any CPU.ActiveCfg = Debug|Any CPU
		{ABA33C94-CB59-4711-8361-5559C3CC2412}.Debug|Any CPU.Build.0 = Debug|Any CPU
		{ABA33C94-CB59-4711-8361-5559C3CC2412}.Release|Any CPU.ActiveCfg = Release|Any CPU
		{ABA33C94-CB59-4711-8361-5559C3CC2412}.Release|Any CPU.Build.0 = Release|Any CPU
		{F85603C1-1C4D-4239-B00C-B9EB733FFDAB}.Debug|Any CPU.ActiveCfg = Debug|Any CPU
		{F85603C1-1C4D-4239-B00C-B9EB733FFDAB}.Debug|Any CPU.Build.0 = Debug|Any CPU
		{F85603C1-1C4D-4239-B00C-B9EB733FFDAB}.Release|Any CPU.ActiveCfg = Release|Any CPU
		{F85603C1-1C4D-4239-B00C-B9EB733FFDAB}.Release|Any CPU.Build.0 = Release|Any CPU
		{0426B7FE-FA44-44E2-B684-5D1E4DC89DB1}.Debug|Any CPU.ActiveCfg = Debug|Any CPU
		{0426B7FE-FA44-44E2-B684-5D1E4DC89DB1}.Debug|Any CPU.Build.0 = Debug|Any CPU
		{0426B7FE-FA44-44E2-B684-5D1E4DC89DB1}.Release|Any CPU.ActiveCfg = Release|Any CPU
		{0426B7FE-FA44-44E2-B684-5D1E4DC89DB1}.Release|Any CPU.Build.0 = Release|Any CPU
		{238920BC-B787-47E9-A90A-931B4A80019B}.Debug|Any CPU.ActiveCfg = Debug|Any CPU
		{238920BC-B787-47E9-A90A-931B4A80019B}.Debug|Any CPU.Build.0 = Debug|Any CPU
		{238920BC-B787-47E9-A90A-931B4A80019B}.Release|Any CPU.ActiveCfg = Release|Any CPU
		{238920BC-B787-47E9-A90A-931B4A80019B}.Release|Any CPU.Build.0 = Release|Any CPU
		{710B19A8-9036-4735-91DD-3B2274BAF45A}.Debug|Any CPU.ActiveCfg = Debug|Any CPU
		{710B19A8-9036-4735-91DD-3B2274BAF45A}.Debug|Any CPU.Build.0 = Debug|Any CPU
		{710B19A8-9036-4735-91DD-3B2274BAF45A}.Release|Any CPU.ActiveCfg = Release|Any CPU
		{710B19A8-9036-4735-91DD-3B2274BAF45A}.Release|Any CPU.Build.0 = Release|Any CPU
	EndGlobalSection
	GlobalSection(SolutionProperties) = preSolution
		HideSolutionNode = FALSE
	EndGlobalSection
	GlobalSection(ExtensibilityGlobals) = postSolution
		SolutionGuid = {1E42F914-AC8A-4D76-8BCC-B010CC42D3BD}
	EndGlobalSection
EndGlobal
